
Microsoft Visual Studio Solution File, Format Version 12.00
# Visual Studio Version 16
VisualStudioVersion = 16.0.30028.174
MinimumVisualStudioVersion = 10.0.40219.1
Project("{9A19103F-16F7-4668-BE54-9A1E7A4F7556}") = "Naif.Auth0", "src\Naif.Auth0\Naif.Auth0.csproj", "{ED28DE80-691B-41B2-9C13-8A3811849684}"
EndProject
Project("{2150E333-8FDC-42A3-9474-1A3956D46DE8}") = "Solution Items", "Solution Items", "{15D0B126-4926-41F7-A2E8-E4DB0B2538C0}"
	ProjectSection(SolutionItems) = preProject
		.gitignore = .gitignore
		README.md = README.md
	EndProjectSection
EndProject
Global
	GlobalSection(SolutionConfigurationPlatforms) = preSolution
		Debug|Any CPU = Debug|Any CPU
		Release|Any CPU = Release|Any CPU
	EndGlobalSection
	GlobalSection(ProjectConfigurationPlatforms) = postSolution
		{ED28DE80-691B-41B2-9C13-8A3811849684}.Debug|Any CPU.ActiveCfg = Debug|Any CPU
		{ED28DE80-691B-41B2-9C13-8A3811849684}.Debug|Any CPU.Build.0 = Debug|Any CPU
		{ED28DE80-691B-41B2-9C13-8A3811849684}.Release|Any CPU.ActiveCfg = Release|Any CPU
		{ED28DE80-691B-41B2-9C13-8A3811849684}.Release|Any CPU.Build.0 = Release|Any CPU
	EndGlobalSection
	GlobalSection(SolutionProperties) = preSolution
		HideSolutionNode = FALSE
	EndGlobalSection
	GlobalSection(ExtensibilityGlobals) = postSolution
		SolutionGuid = {0BC06A2C-F615-4D5C-80E3-EA8C689CA339}
	EndGlobalSection
EndGlobal
